
Microsoft Visual Studio Solution File, Format Version 12.00
Project("{FAE04EC0-301F-11D3-BF4B-00C04F79EFBC}") = "ChatApp", "ChatApp\ChatApp.csproj", "{B69D3D3C-1202-42C9-85CC-7B4BCD8AEBBB}"
EndProject
Global
	GlobalSection(SolutionConfigurationPlatforms) = preSolution
		Debug|Any CPU = Debug|Any CPU
		Release|Any CPU = Release|Any CPU
	EndGlobalSection
	GlobalSection(ProjectConfigurationPlatforms) = postSolution
		{B69D3D3C-1202-42C9-85CC-7B4BCD8AEBBB}.Debug|Any CPU.ActiveCfg = Debug|Any CPU
		{B69D3D3C-1202-42C9-85CC-7B4BCD8AEBBB}.Debug|Any CPU.Build.0 = Debug|Any CPU
		{B69D3D3C-1202-42C9-85CC-7B4BCD8AEBBB}.Release|Any CPU.ActiveCfg = Release|Any CPU
		{B69D3D3C-1202-42C9-85CC-7B4BCD8AEBBB}.Release|Any CPU.Build.0 = Release|Any CPU
	EndGlobalSection
EndGlobal
